// !$*UTF8*$!
{
	archiveVersion = 1;
	classes = {
	};
	objectVersion = 56;
	objects = {

/* Begin PBXBuildFile section */
		4234EFDF2A709F1500941F6E /* AppDelegate.swift in Sources */ = {isa = PBXBuildFile; fileRef = 4234EFDE2A709F1500941F6E /* AppDelegate.swift */; };
		4234EFE12A709F1500941F6E /* SceneDelegate.swift in Sources */ = {isa = PBXBuildFile; fileRef = 4234EFE02A709F1500941F6E /* SceneDelegate.swift */; };
		4234EFE32A709F1500941F6E /* PokemonHomeViewController.swift in Sources */ = {isa = PBXBuildFile; fileRef = 4234EFE22A709F1500941F6E /* PokemonHomeViewController.swift */; };
		4234EFE62A709F1500941F6E /* Main.storyboard in Resources */ = {isa = PBXBuildFile; fileRef = 4234EFE42A709F1500941F6E /* Main.storyboard */; };
		4234EFE82A709F1600941F6E /* Assets.xcassets in Resources */ = {isa = PBXBuildFile; fileRef = 4234EFE72A709F1600941F6E /* Assets.xcassets */; };
		4234EFEB2A709F1600941F6E /* LaunchScreen.storyboard in Resources */ = {isa = PBXBuildFile; fileRef = 4234EFE92A709F1600941F6E /* LaunchScreen.storyboard */; };
		4234EFF42A70A05000941F6E /* PokemonService.swift in Sources */ = {isa = PBXBuildFile; fileRef = 4234EFF32A70A05000941F6E /* PokemonService.swift */; };
		4234EFF72A70A0B500941F6E /* Pokemon.swift in Sources */ = {isa = PBXBuildFile; fileRef = 4234EFF62A70A0B500941F6E /* Pokemon.swift */; };
		4234EFFA2A70A21F00941F6E /* EventLogger.swift in Sources */ = {isa = PBXBuildFile; fileRef = 4234EFF92A70A21F00941F6E /* EventLogger.swift */; };
		4234F0002A70A2E600941F6E /* PokemonHomeViewModel.swift in Sources */ = {isa = PBXBuildFile; fileRef = 4234EFFF2A70A2E600941F6E /* PokemonHomeViewModel.swift */; };
		4234F0032A70A30B00941F6E /* PokemonHomeViewModelProtocol.swift in Sources */ = {isa = PBXBuildFile; fileRef = 4234F0022A70A30B00941F6E /* PokemonHomeViewModelProtocol.swift */; };
		4234F0062A70A40700941F6E /* PokemonServiceProtocol.swift in Sources */ = {isa = PBXBuildFile; fileRef = 4234F0052A70A40700941F6E /* PokemonServiceProtocol.swift */; };
		8020CEF00F6F05391C818029 /* Pods_PokemonMVVM.framework in Frameworks */ = {isa = PBXBuildFile; fileRef = 407116237835ED223E0C90B4 /* Pods_PokemonMVVM.framework */; };
/* End PBXBuildFile section */

/* Begin PBXFileReference section */
		2A84454BD982D217F155286A /* Pods-PokemonMVVM.debug.xcconfig */ = {isa = PBXFileReference; includeInIndex = 1; lastKnownFileType = text.xcconfig; name = "Pods-PokemonMVVM.debug.xcconfig"; path = "Target Support Files/Pods-PokemonMVVM/Pods-PokemonMVVM.debug.xcconfig"; sourceTree = "<group>"; };
		407116237835ED223E0C90B4 /* Pods_PokemonMVVM.framework */ = {isa = PBXFileReference; explicitFileType = wrapper.framework; includeInIndex = 0; path = Pods_PokemonMVVM.framework; sourceTree = BUILT_PRODUCTS_DIR; };
		4234EFDB2A709F1500941F6E /* PokemonMVVM.app */ = {isa = PBXFileReference; explicitFileType = wrapper.application; includeInIndex = 0; path = PokemonMVVM.app; sourceTree = BUILT_PRODUCTS_DIR; };
		4234EFDE2A709F1500941F6E /* AppDelegate.swift */ = {isa = PBXFileReference; lastKnownFileType = sourcecode.swift; path = AppDelegate.swift; sourceTree = "<group>"; };
		4234EFE02A709F1500941F6E /* SceneDelegate.swift */ = {isa = PBXFileReference; lastKnownFileType = sourcecode.swift; path = SceneDelegate.swift; sourceTree = "<group>"; };
		4234EFE22A709F1500941F6E /* PokemonHomeViewController.swift */ = {isa = PBXFileReference; lastKnownFileType = sourcecode.swift; path = PokemonHomeViewController.swift; sourceTree = "<group>"; };
		4234EFE52A709F1500941F6E /* Base */ = {isa = PBXFileReference; lastKnownFileType = file.storyboard; name = Base; path = Base.lproj/Main.storyboard; sourceTree = "<group>"; };
		4234EFE72A709F1600941F6E /* Assets.xcassets */ = {isa = PBXFileReference; lastKnownFileType = folder.assetcatalog; path = Assets.xcassets; sourceTree = "<group>"; };
		4234EFEA2A709F1600941F6E /* Base */ = {isa = PBXFileReference; lastKnownFileType = file.storyboard; name = Base; path = Base.lproj/LaunchScreen.storyboard; sourceTree = "<group>"; };
		4234EFEC2A709F1600941F6E /* Info.plist */ = {isa = PBXFileReference; lastKnownFileType = text.plist.xml; path = Info.plist; sourceTree = "<group>"; };
		4234EFF32A70A05000941F6E /* PokemonService.swift */ = {isa = PBXFileReference; lastKnownFileType = sourcecode.swift; path = PokemonService.swift; sourceTree = "<group>"; };
		4234EFF62A70A0B500941F6E /* Pokemon.swift */ = {isa = PBXFileReference; lastKnownFileType = sourcecode.swift; path = Pokemon.swift; sourceTree = "<group>"; };
		4234EFF92A70A21F00941F6E /* EventLogger.swift */ = {isa = PBXFileReference; lastKnownFileType = sourcecode.swift; path = EventLogger.swift; sourceTree = "<group>"; };
		4234EFFF2A70A2E600941F6E /* PokemonHomeViewModel.swift */ = {isa = PBXFileReference; lastKnownFileType = sourcecode.swift; path = PokemonHomeViewModel.swift; sourceTree = "<group>"; };
		4234F0022A70A30B00941F6E /* PokemonHomeViewModelProtocol.swift */ = {isa = PBXFileReference; lastKnownFileType = sourcecode.swift; path = PokemonHomeViewModelProtocol.swift; sourceTree = "<group>"; };
		4234F0052A70A40700941F6E /* PokemonServiceProtocol.swift */ = {isa = PBXFileReference; lastKnownFileType = sourcecode.swift; path = PokemonServiceProtocol.swift; sourceTree = "<group>"; };
		A4ECBE68BFB6F6EE6FF88E6C /* Pods-PokemonMVVM.release.xcconfig */ = {isa = PBXFileReference; includeInIndex = 1; lastKnownFileType = text.xcconfig; name = "Pods-PokemonMVVM.release.xcconfig"; path = "Target Support Files/Pods-PokemonMVVM/Pods-PokemonMVVM.release.xcconfig"; sourceTree = "<group>"; };
/* End PBXFileReference section */

/* Begin PBXFrameworksBuildPhase section */
		4234EFD82A709F1500941F6E /* Frameworks */ = {
			isa = PBXFrameworksBuildPhase;
			buildActionMask = 2147483647;
			files = (
				8020CEF00F6F05391C818029 /* Pods_PokemonMVVM.framework in Frameworks */,
			);
			runOnlyForDeploymentPostprocessing = 0;
		};
/* End PBXFrameworksBuildPhase section */

/* Begin PBXGroup section */
		4234EFD22A709F1500941F6E = {
			isa = PBXGroup;
			children = (
				4234EFDD2A709F1500941F6E /* PokemonMVVM */,
				4234EFDC2A709F1500941F6E /* Products */,
				4963E2AEB7A4939CBF233A8A /* Pods */,
				5F96F95B81517349CB9C1400 /* Frameworks */,
			);
			sourceTree = "<group>";
		};
		4234EFDC2A709F1500941F6E /* Products */ = {
			isa = PBXGroup;
			children = (
				4234EFDB2A709F1500941F6E /* PokemonMVVM.app */,
			);
			name = Products;
			sourceTree = "<group>";
		};
		4234EFDD2A709F1500941F6E /* PokemonMVVM */ = {
			isa = PBXGroup;
			children = (
				4234EFFB2A70A2C000941F6E /* Scenes */,
				4234EFF82A70A21200941F6E /* EventLogger */,
				4234EFF22A70A03F00941F6E /* PokemonService */,
				4234EFDE2A709F1500941F6E /* AppDelegate.swift */,
				4234EFE02A709F1500941F6E /* SceneDelegate.swift */,
				4234EFE42A709F1500941F6E /* Main.storyboard */,
				4234EFE72A709F1600941F6E /* Assets.xcassets */,
				4234EFE92A709F1600941F6E /* LaunchScreen.storyboard */,
				4234EFEC2A709F1600941F6E /* Info.plist */,
			);
			path = PokemonMVVM;
			sourceTree = "<group>";
		};
		4234EFF22A70A03F00941F6E /* PokemonService */ = {
			isa = PBXGroup;
			children = (
				4234F0042A70A3F400941F6E /* Protocols */,
				4234EFF52A70A0A000941F6E /* Model */,
				4234EFF32A70A05000941F6E /* PokemonService.swift */,
			);
			path = PokemonService;
			sourceTree = "<group>";
		};
		4234EFF52A70A0A000941F6E /* Model */ = {
			isa = PBXGroup;
			children = (
				4234EFF62A70A0B500941F6E /* Pokemon.swift */,
			);
			path = Model;
			sourceTree = "<group>";
		};
		4234EFF82A70A21200941F6E /* EventLogger */ = {
			isa = PBXGroup;
			children = (
				4234EFF92A70A21F00941F6E /* EventLogger.swift */,
			);
			path = EventLogger;
			sourceTree = "<group>";
		};
		4234EFFB2A70A2C000941F6E /* Scenes */ = {
			isa = PBXGroup;
			children = (
				4234EFFC2A70A2C600941F6E /* Home */,
			);
			path = Scenes;
			sourceTree = "<group>";
		};
		4234EFFC2A70A2C600941F6E /* Home */ = {
			isa = PBXGroup;
			children = (
				4234F0012A70A2F400941F6E /* Protocols */,
				4234EFFE2A70A2D600941F6E /* ViewModel */,
				4234EFFD2A70A2D000941F6E /* View */,
			);
			path = Home;
			sourceTree = "<group>";
		};
		4234EFFD2A70A2D000941F6E /* View */ = {
			isa = PBXGroup;
			children = (
				4234EFE22A709F1500941F6E /* PokemonHomeViewController.swift */,
			);
			path = View;
			sourceTree = "<group>";
		};
		4234EFFE2A70A2D600941F6E /* ViewModel */ = {
			isa = PBXGroup;
			children = (
				4234EFFF2A70A2E600941F6E /* PokemonHomeViewModel.swift */,
			);
			path = ViewModel;
			sourceTree = "<group>";
		};
		4234F0012A70A2F400941F6E /* Protocols */ = {
			isa = PBXGroup;
			children = (
				4234F0022A70A30B00941F6E /* PokemonHomeViewModelProtocol.swift */,
			);
			path = Protocols;
			sourceTree = "<group>";
		};
		4234F0042A70A3F400941F6E /* Protocols */ = {
			isa = PBXGroup;
			children = (
				4234F0052A70A40700941F6E /* PokemonServiceProtocol.swift */,
			);
			path = Protocols;
			sourceTree = "<group>";
		};
		4963E2AEB7A4939CBF233A8A /* Pods */ = {
			isa = PBXGroup;
			children = (
				2A84454BD982D217F155286A /* Pods-PokemonMVVM.debug.xcconfig */,
				A4ECBE68BFB6F6EE6FF88E6C /* Pods-PokemonMVVM.release.xcconfig */,
			);
			path = Pods;
			sourceTree = "<group>";
		};
		5F96F95B81517349CB9C1400 /* Frameworks */ = {
			isa = PBXGroup;
			children = (
				407116237835ED223E0C90B4 /* Pods_PokemonMVVM.framework */,
			);
			name = Frameworks;
			sourceTree = "<group>";
		};
/* End PBXGroup section */

/* Begin PBXNativeTarget section */
		4234EFDA2A709F1500941F6E /* PokemonMVVM */ = {
			isa = PBXNativeTarget;
			buildConfigurationList = 4234EFEF2A709F1600941F6E /* Build configuration list for PBXNativeTarget "PokemonMVVM" */;
			buildPhases = (
				578BF21EDD898A220D184F34 /* [CP] Check Pods Manifest.lock */,
				4234EFD72A709F1500941F6E /* Sources */,
				4234EFD82A709F1500941F6E /* Frameworks */,
				4234EFD92A709F1500941F6E /* Resources */,
				6CAB0A0B99BD305239979A19 /* [CP] Embed Pods Frameworks */,
			);
			buildRules = (
			);
			dependencies = (
			);
			name = PokemonMVVM;
			productName = PokemonMVVM;
			productReference = 4234EFDB2A709F1500941F6E /* PokemonMVVM.app */;
			productType = "com.apple.product-type.application";
		};
/* End PBXNativeTarget section */

/* Begin PBXProject section */
		4234EFD32A709F1500941F6E /* Project object */ = {
			isa = PBXProject;
			attributes = {
				BuildIndependentTargetsInParallel = 1;
				LastSwiftUpdateCheck = 1410;
				LastUpgradeCheck = 1410;
				TargetAttributes = {
					4234EFDA2A709F1500941F6E = {
						CreatedOnToolsVersion = 14.1;
					};
				};
			};
			buildConfigurationList = 4234EFD62A709F1500941F6E /* Build configuration list for PBXProject "PokemonMVVM" */;
			compatibilityVersion = "Xcode 14.0";
			developmentRegion = en;
			hasScannedForEncodings = 0;
			knownRegions = (
				en,
				Base,
			);
			mainGroup = 4234EFD22A709F1500941F6E;
			productRefGroup = 4234EFDC2A709F1500941F6E /* Products */;
			projectDirPath = "";
			projectRoot = "";
			targets = (
				4234EFDA2A709F1500941F6E /* PokemonMVVM */,
			);
		};
/* End PBXProject section */

/* Begin PBXResourcesBuildPhase section */
		4234EFD92A709F1500941F6E /* Resources */ = {
			isa = PBXResourcesBuildPhase;
			buildActionMask = 2147483647;
			files = (
				4234EFEB2A709F1600941F6E /* LaunchScreen.storyboard in Resources */,
				4234EFE82A709F1600941F6E /* Assets.xcassets in Resources */,
				4234EFE62A709F1500941F6E /* Main.storyboard in Resources */,
			);
			runOnlyForDeploymentPostprocessing = 0;
		};
/* End PBXResourcesBuildPhase section */

/* Begin PBXShellScriptBuildPhase section */
		578BF21EDD898A220D184F34 /* [CP] Check Pods Manifest.lock */ = {
			isa = PBXShellScriptBuildPhase;
			buildActionMask = 2147483647;
			files = (
			);
			inputFileListPaths = (
			);
			inputPaths = (
				"${PODS_PODFILE_DIR_PATH}/Podfile.lock",
				"${PODS_ROOT}/Manifest.lock",
			);
			name = "[CP] Check Pods Manifest.lock";
			outputFileListPaths = (
			);
			outputPaths = (
				"$(DERIVED_FILE_DIR)/Pods-PokemonMVVM-checkManifestLockResult.txt",
			);
			runOnlyForDeploymentPostprocessing = 0;
			shellPath = /bin/sh;
			shellScript = "diff \"${PODS_PODFILE_DIR_PATH}/Podfile.lock\" \"${PODS_ROOT}/Manifest.lock\" > /dev/null\nif [ $? != 0 ] ; then\n    # print error to STDERR\n    echo \"error: The sandbox is not in sync with the Podfile.lock. Run 'pod install' or update your CocoaPods installation.\" >&2\n    exit 1\nfi\n# This output is used by Xcode 'outputs' to avoid re-running this script phase.\necho \"SUCCESS\" > \"${SCRIPT_OUTPUT_FILE_0}\"\n";
			showEnvVarsInLog = 0;
		};
		6CAB0A0B99BD305239979A19 /* [CP] Embed Pods Frameworks */ = {
			isa = PBXShellScriptBuildPhase;
			buildActionMask = 2147483647;
			files = (
			);
			inputFileListPaths = (
				"${PODS_ROOT}/Target Support Files/Pods-PokemonMVVM/Pods-PokemonMVVM-frameworks-${CONFIGURATION}-input-files.xcfilelist",
			);
			name = "[CP] Embed Pods Frameworks";
			outputFileListPaths = (
				"${PODS_ROOT}/Target Support Files/Pods-PokemonMVVM/Pods-PokemonMVVM-frameworks-${CONFIGURATION}-output-files.xcfilelist",
			);
			runOnlyForDeploymentPostprocessing = 0;
			shellPath = /bin/sh;
			shellScript = "\"${PODS_ROOT}/Target Support Files/Pods-PokemonMVVM/Pods-PokemonMVVM-frameworks.sh\"\n";
			showEnvVarsInLog = 0;
		};
/* End PBXShellScriptBuildPhase section */

/* Begin PBXSourcesBuildPhase section */
		4234EFD72A709F1500941F6E /* Sources */ = {
			isa = PBXSourcesBuildPhase;
			buildActionMask = 2147483647;
			files = (
				4234EFF72A70A0B500941F6E /* Pokemon.swift in Sources */,
				4234F0032A70A30B00941F6E /* PokemonHomeViewModelProtocol.swift in Sources */,
				4234EFE32A709F1500941F6E /* PokemonHomeViewController.swift in Sources */,
				4234F0062A70A40700941F6E /* PokemonServiceProtocol.swift in Sources */,
				4234F0002A70A2E600941F6E /* PokemonHomeViewModel.swift in Sources */,
				4234EFFA2A70A21F00941F6E /* EventLogger.swift in Sources */,
				4234EFF42A70A05000941F6E /* PokemonService.swift in Sources */,
				4234EFDF2A709F1500941F6E /* AppDelegate.swift in Sources */,
				4234EFE12A709F1500941F6E /* SceneDelegate.swift in Sources */,
			);
			runOnlyForDeploymentPostprocessing = 0;
		};
/* End PBXSourcesBuildPhase section */

/* Begin PBXVariantGroup section */
		4234EFE42A709F1500941F6E /* Main.storyboard */ = {
			isa = PBXVariantGroup;
			children = (
				4234EFE52A709F1500941F6E /* Base */,
			);
			name = Main.storyboard;
			sourceTree = "<group>";
		};
		4234EFE92A709F1600941F6E /* LaunchScreen.storyboard */ = {
			isa = PBXVariantGroup;
			children = (
				4234EFEA2A709F1600941F6E /* Base */,
			);
			name = LaunchScreen.storyboard;
			sourceTree = "<group>";
		};
/* End PBXVariantGroup section */

/* Begin XCBuildConfiguration section */
		4234EFED2A709F1600941F6E /* Debug */ = {
			isa = XCBuildConfiguration;
			buildSettings = {
				ALWAYS_SEARCH_USER_PATHS = NO;
				CLANG_ANALYZER_NONNULL = YES;
				CLANG_ANALYZER_NUMBER_OBJECT_CONVERSION = YES_AGGRESSIVE;
				CLANG_CXX_LANGUAGE_STANDARD = "gnu++20";
				CLANG_ENABLE_MODULES = YES;
				CLANG_ENABLE_OBJC_ARC = YES;
				CLANG_ENABLE_OBJC_WEAK = YES;
				CLANG_WARN_BLOCK_CAPTURE_AUTORELEASING = YES;
				CLANG_WARN_BOOL_CONVERSION = YES;
				CLANG_WARN_COMMA = YES;
				CLANG_WARN_CONSTANT_CONVERSION = YES;
				CLANG_WARN_DEPRECATED_OBJC_IMPLEMENTATIONS = YES;
				CLANG_WARN_DIRECT_OBJC_ISA_USAGE = YES_ERROR;
				CLANG_WARN_DOCUMENTATION_COMMENTS = YES;
				CLANG_WARN_EMPTY_BODY = YES;
				CLANG_WARN_ENUM_CONVERSION = YES;
				CLANG_WARN_INFINITE_RECURSION = YES;
				CLANG_WARN_INT_CONVERSION = YES;
				CLANG_WARN_NON_LITERAL_NULL_CONVERSION = YES;
				CLANG_WARN_OBJC_IMPLICIT_RETAIN_SELF = YES;
				CLANG_WARN_OBJC_LITERAL_CONVERSION = YES;
				CLANG_WARN_OBJC_ROOT_CLASS = YES_ERROR;
				CLANG_WARN_QUOTED_INCLUDE_IN_FRAMEWORK_HEADER = YES;
				CLANG_WARN_RANGE_LOOP_ANALYSIS = YES;
				CLANG_WARN_STRICT_PROTOTYPES = YES;
				CLANG_WARN_SUSPICIOUS_MOVE = YES;
				CLANG_WARN_UNGUARDED_AVAILABILITY = YES_AGGRESSIVE;
				CLANG_WARN_UNREACHABLE_CODE = YES;
				CLANG_WARN__DUPLICATE_METHOD_MATCH = YES;
				COPY_PHASE_STRIP = NO;
				DEBUG_INFORMATION_FORMAT = dwarf;
				ENABLE_STRICT_OBJC_MSGSEND = YES;
				ENABLE_TESTABILITY = YES;
				GCC_C_LANGUAGE_STANDARD = gnu11;
				GCC_DYNAMIC_NO_PIC = NO;
				GCC_NO_COMMON_BLOCKS = YES;
				GCC_OPTIMIZATION_LEVEL = 0;
				GCC_PREPROCESSOR_DEFINITIONS = (
					"DEBUG=1",
					"$(inherited)",
				);
				GCC_WARN_64_TO_32_BIT_CONVERSION = YES;
				GCC_WARN_ABOUT_RETURN_TYPE = YES_ERROR;
				GCC_WARN_UNDECLARED_SELECTOR = YES;
				GCC_WARN_UNINITIALIZED_AUTOS = YES_AGGRESSIVE;
				GCC_WARN_UNUSED_FUNCTION = YES;
				GCC_WARN_UNUSED_VARIABLE = YES;
				IPHONEOS_DEPLOYMENT_TARGET = 16.1;
				MTL_ENABLE_DEBUG_INFO = INCLUDE_SOURCE;
				MTL_FAST_MATH = YES;
				ONLY_ACTIVE_ARCH = YES;
				SDKROOT = iphoneos;
				SWIFT_ACTIVE_COMPILATION_CONDITIONS = DEBUG;
				SWIFT_OPTIMIZATION_LEVEL = "-Onone";
			};
			name = Debug;
		};
		4234EFEE2A709F1600941F6E /* Release */ = {
			isa = XCBuildConfiguration;
			buildSettings = {
				ALWAYS_SEARCH_USER_PATHS = NO;
				CLANG_ANALYZER_NONNULL = YES;
				CLANG_ANALYZER_NUMBER_OBJECT_CONVERSION = YES_AGGRESSIVE;
				CLANG_CXX_LANGUAGE_STANDARD = "gnu++20";
				CLANG_ENABLE_MODULES = YES;
				CLANG_ENABLE_OBJC_ARC = YES;
				CLANG_ENABLE_OBJC_WEAK = YES;
				CLANG_WARN_BLOCK_CAPTURE_AUTORELEASING = YES;
				CLANG_WARN_BOOL_CONVERSION = YES;
				CLANG_WARN_COMMA = YES;
				CLANG_WARN_CONSTANT_CONVERSION = YES;
				CLANG_WARN_DEPRECATED_OBJC_IMPLEMENTATIONS = YES;
				CLANG_WARN_DIRECT_OBJC_ISA_USAGE = YES_ERROR;
				CLANG_WARN_DOCUMENTATION_COMMENTS = YES;
				CLANG_WARN_EMPTY_BODY = YES;
				CLANG_WARN_ENUM_CONVERSION = YES;
				CLANG_WARN_INFINITE_RECURSION = YES;
				CLANG_WARN_INT_CONVERSION = YES;
				CLANG_WARN_NON_LITERAL_NULL_CONVERSION = YES;
				CLANG_WARN_OBJC_IMPLICIT_RETAIN_SELF = YES;
				CLANG_WARN_OBJC_LITERAL_CONVERSION = YES;
				CLANG_WARN_OBJC_ROOT_CLASS = YES_ERROR;
				CLANG_WARN_QUOTED_INCLUDE_IN_FRAMEWORK_HEADER = YES;
				CLANG_WARN_RANGE_LOOP_ANALYSIS = YES;
				CLANG_WARN_STRICT_PROTOTYPES = YES;
				CLANG_WARN_SUSPICIOUS_MOVE = YES;
				CLANG_WARN_UNGUARDED_AVAILABILITY = YES_AGGRESSIVE;
				CLANG_WARN_UNREACHABLE_CODE = YES;
				CLANG_WARN__DUPLICATE_METHOD_MATCH = YES;
				COPY_PHASE_STRIP = NO;
				DEBUG_INFORMATION_FORMAT = "dwarf-with-dsym";
				ENABLE_NS_ASSERTIONS = NO;
				ENABLE_STRICT_OBJC_MSGSEND = YES;
				GCC_C_LANGUAGE_STANDARD = gnu11;
				GCC_NO_COMMON_BLOCKS = YES;
				GCC_WARN_64_TO_32_BIT_CONVERSION = YES;
				GCC_WARN_ABOUT_RETURN_TYPE = YES_ERROR;
				GCC_WARN_UNDECLARED_SELECTOR = YES;
				GCC_WARN_UNINITIALIZED_AUTOS = YES_AGGRESSIVE;
				GCC_WARN_UNUSED_FUNCTION = YES;
				GCC_WARN_UNUSED_VARIABLE = YES;
				IPHONEOS_DEPLOYMENT_TARGET = 16.1;
				MTL_ENABLE_DEBUG_INFO = NO;
				MTL_FAST_MATH = YES;
				SDKROOT = iphoneos;
				SWIFT_COMPILATION_MODE = wholemodule;
				SWIFT_OPTIMIZATION_LEVEL = "-O";
				VALIDATE_PRODUCT = YES;
			};
			name = Release;
		};
		4234EFF02A709F1600941F6E /* Debug */ = {
			isa = XCBuildConfiguration;
			baseConfigurationReference = 2A84454BD982D217F155286A /* Pods-PokemonMVVM.debug.xcconfig */;
			buildSettings = {
				ASSETCATALOG_COMPILER_APPICON_NAME = AppIcon;
				ASSETCATALOG_COMPILER_GLOBAL_ACCENT_COLOR_NAME = AccentColor;
				CODE_SIGN_STYLE = Automatic;
				CURRENT_PROJECT_VERSION = 1;
				DEVELOPMENT_TEAM = CTDN3273R3;
				GENERATE_INFOPLIST_FILE = YES;
				INFOPLIST_FILE = PokemonMVVM/Info.plist;
				INFOPLIST_KEY_UIApplicationSupportsIndirectInputEvents = YES;
				INFOPLIST_KEY_UILaunchStoryboardName = LaunchScreen;
				INFOPLIST_KEY_UIMainStoryboardFile = Main;
				INFOPLIST_KEY_UISupportedInterfaceOrientations_iPad = "UIInterfaceOrientationPortrait UIInterfaceOrientationPortraitUpsideDown UIInterfaceOrientationLandscapeLeft UIInterfaceOrientationLandscapeRight";
				INFOPLIST_KEY_UISupportedInterfaceOrientations_iPhone = "UIInterfaceOrientationPortrait UIInterfaceOrientationLandscapeLeft UIInterfaceOrientationLandscapeRight";
				LD_RUNPATH_SEARCH_PATHS = (
					"$(inherited)",
					"@executable_path/Frameworks",
				);
				MARKETING_VERSION = 1.0;
				PRODUCT_BUNDLE_IDENTIFIER = com.br.vhenriquebm.PokemonMVVM;
				PRODUCT_NAME = "$(TARGET_NAME)";
				SWIFT_EMIT_LOC_STRINGS = YES;
				SWIFT_VERSION = 5.0;
				TARGETED_DEVICE_FAMILY = "1,2";
			};
			name = Debug;
		};
		4234EFF12A709F1600941F6E /* Release */ = {
			isa = XCBuildConfiguration;
			baseConfigurationReference = A4ECBE68BFB6F6EE6FF88E6C /* Pods-PokemonMVVM.release.xcconfig */;
			buildSettings = {
				ASSETCATALOG_COMPILER_APPICON_NAME = AppIcon;
				ASSETCATALOG_COMPILER_GLOBAL_ACCENT_COLOR_NAME = AccentColor;
				CODE_SIGN_STYLE = Automatic;
				CURRENT_PROJECT_VERSION = 1;
				DEVELOPMENT_TEAM = CTDN3273R3;
				GENERATE_INFOPLIST_FILE = YES;
				INFOPLIST_FILE = PokemonMVVM/Info.plist;
				INFOPLIST_KEY_UIApplicationSupportsIndirectInputEvents = YES;
				INFOPLIST_KEY_UILaunchStoryboardName = LaunchScreen;
				INFOPLIST_KEY_UIMainStoryboardFile = Main;
				INFOPLIST_KEY_UISupportedInterfaceOrientations_iPad = "UIInterfaceOrientationPortrait UIInterfaceOrientationPortraitUpsideDown UIInterfaceOrientationLandscapeLeft UIInterfaceOrientationLandscapeRight";
				INFOPLIST_KEY_UISupportedInterfaceOrientations_iPhone = "UIInterfaceOrientationPortrait UIInterfaceOrientationLandscapeLeft UIInterfaceOrientationLandscapeRight";
				LD_RUNPATH_SEARCH_PATHS = (
					"$(inherited)",
					"@executable_path/Frameworks",
				);
				MARKETING_VERSION = 1.0;
				PRODUCT_BUNDLE_IDENTIFIER = com.br.vhenriquebm.PokemonMVVM;
				PRODUCT_NAME = "$(TARGET_NAME)";
				SWIFT_EMIT_LOC_STRINGS = YES;
				SWIFT_VERSION = 5.0;
				TARGETED_DEVICE_FAMILY = "1,2";
			};
			name = Release;
		};
/* End XCBuildConfiguration section */

/* Begin XCConfigurationList section */
		4234EFD62A709F1500941F6E /* Build configuration list for PBXProject "PokemonMVVM" */ = {
			isa = XCConfigurationList;
			buildConfigurations = (
				4234EFED2A709F1600941F6E /* Debug */,
				4234EFEE2A709F1600941F6E /* Release */,
			);
			defaultConfigurationIsVisible = 0;
			defaultConfigurationName = Release;
		};
		4234EFEF2A709F1600941F6E /* Build configuration list for PBXNativeTarget "PokemonMVVM" */ = {
			isa = XCConfigurationList;
			buildConfigurations = (
				4234EFF02A709F1600941F6E /* Debug */,
				4234EFF12A709F1600941F6E /* Release */,
			);
			defaultConfigurationIsVisible = 0;
			defaultConfigurationName = Release;
		};
/* End XCConfigurationList section */
	};
	rootObject = 4234EFD32A709F1500941F6E /* Project object */;
}
